{
	"name": "workers-ai-claude-desktop",
	"version": "1.0.0",
	"lockfileVersion": 3,
	"requires": true,
	"packages": {
		"": {
			"license": "MIT",
			"devDependencies": {
				"@demosjarco/prettier-config": "1.0.2",
				"prettier": "3.8.4"
			}
		},
		"node_modules/@demosjarco/prettier-config": {
			"version": "1.0.2",
			"resolved": "https://registry.npmjs.org/@demosjarco/prettier-config/-/prettier-config-1.0.2.tgz",
			"integrity": "sha512-4Ola91fd4JZEtgOyvcNNRXTkf9Hq8CQymCufoyck+gs6RPelPlCiKJHyrMMgMVul2/NsBj7V+4Wblp8sVJAVwA==",
			"dev": true,
			"license": "MIT"
		},
		"node_modules/prettier": {
			"version": "3.8.4",
			"resolved": "https://registry.npmjs.org/prettier/-/prettier-3.8.4.tgz",
			"integrity": "sha512-N2MylSdi48+5N/6S5j+maeHbUSIzzZ5uOcX5Hm4QpV8Dkb1HFjfAKTKX6yNPJQD9AhcT3ifHNB66tWTTJDi11Q==",
			"dev": true,
			"license": "MIT",
			"bin": {
				"prettier": "bin/prettier.cjs"
			},
			"engines": {
				"node": ">=14"
			},
			"funding": {
				"url": "https://github.com/prettier/prettier?sponsor=1"
			}
		}
	}
}
